
Microsoft Visual Studio Solution File, Format Version 11.00
# Visual Studio 2010
Project("{FAE04EC0-301F-11D3-BF4B-00C04F79EFBC}") = "hole_downgrade", "Assembly-CSharp-firstpass.csproj", "{4DEBF1E7-6716-D5FA-45FF-76D1D47E1A0A}"
EndProject
Project("{FAE04EC0-301F-11D3-BF4B-00C04F79EFBC}") = "hole_downgrade", "Assembly-CSharp.csproj", "{BE6E7B53-98D8-E871-C7D5-89509F177B50}"
EndProject
Project("{FAE04EC0-301F-11D3-BF4B-00C04F79EFBC}") = "hole_downgrade", "Assembly-CSharp-Editor-firstpass.csproj", "{9ECBFF12-127B-E8A2-4B4A-7189C09A6BCD}"
EndProject
Global
	GlobalSection(SolutionConfigurationPlatforms) = preSolution
		Debug|Any CPU = Debug|Any CPU
		Release|Any CPU = Release|Any CPU
	EndGlobalSection
	GlobalSection(ProjectConfigurationPlatforms) = postSolution
		{4DEBF1E7-6716-D5FA-45FF-76D1D47E1A0A}.Debug|Any CPU.ActiveCfg = Debug|Any CPU
		{4DEBF1E7-6716-D5FA-45FF-76D1D47E1A0A}.Debug|Any CPU.Build.0 = Debug|Any CPU
		{4DEBF1E7-6716-D5FA-45FF-76D1D47E1A0A}.Release|Any CPU.ActiveCfg = Release|Any CPU
		{4DEBF1E7-6716-D5FA-45FF-76D1D47E1A0A}.Release|Any CPU.Build.0 = Release|Any CPU
		{BE6E7B53-98D8-E871-C7D5-89509F177B50}.Debug|Any CPU.ActiveCfg = Debug|Any CPU
		{BE6E7B53-98D8-E871-C7D5-89509F177B50}.Debug|Any CPU.Build.0 = Debug|Any CPU
		{BE6E7B53-98D8-E871-C7D5-89509F177B50}.Release|Any CPU.ActiveCfg = Release|Any CPU
		{BE6E7B53-98D8-E871-C7D5-89509F177B50}.Release|Any CPU.Build.0 = Release|Any CPU
		{9ECBFF12-127B-E8A2-4B4A-7189C09A6BCD}.Debug|Any CPU.ActiveCfg = Debug|Any CPU
		{9ECBFF12-127B-E8A2-4B4A-7189C09A6BCD}.Debug|Any CPU.Build.0 = Debug|Any CPU
		{9ECBFF12-127B-E8A2-4B4A-7189C09A6BCD}.Release|Any CPU.ActiveCfg = Release|Any CPU
		{9ECBFF12-127B-E8A2-4B4A-7189C09A6BCD}.Release|Any CPU.Build.0 = Release|Any CPU
	EndGlobalSection
	GlobalSection(SolutionProperties) = preSolution
		HideSolutionNode = FALSE
	EndGlobalSection
	GlobalSection(MonoDevelopProperties) = preSolution
		StartupItem = Assembly-CSharp.csproj
	EndGlobalSection
EndGlobal
